github.com/99designs/gqlgen v0.17.61 h1:vE7xLRC066n9wehgjeplILOWtwz75zbzcV2/Iv9i3pw=
github.com/99designs/gqlgen v0.17.61/go.mod h1:rFU1T3lhv/tPeAlww/DJ4ol2YxT/pPpue+xxPbkd3r4=
github.com/google/uuid v1.6.0 h1:NIvaJDMOsjHA8n1jAhLSgzrAzy1Hgr+hNrb57e+94F0=
github.com/google/uuid v1.6.0/go.mod h1:TIyPZe4MgqvfeYDBFedMoGGpEw/LqOeaOT+nhxU+yHo=
github.com/kelseyhightower/envconfig v1.4.0 h1:Im6hONhd3pLkfDFsbRgu68RDNkGF1r3dvMUtDTo2cv8=
github.com/kelseyhightower/envconfig v1.4.0/go.mod h1:cccZRl6mQpaq41TPp5QxidR+Sa3axMbJDNb//FQX6Gg=
github.com/sosodev/duration v1.3.1 h1:qtHBDMQ6lvMQsL15g4aopM4HEfOaYuhWBw3NPTtlqq4=
github.com/sosodev/duration v1.3.1/go.mod h1:RQIBBX0+fMLc/D9+Jb/fwvVmo0eZvDDEERAikUR6SDg=
github.com/vektah/gqlparser/v2 v2.5.20 h1:kPaWbhBntxoZPaNdBaIPT1Kh0i1b/onb5kXgEdP5JCo=
github.com/vektah/gqlparser/v2 v2.5.20/go.mod h1:xMl+ta8a5M1Yo1A1Iwt/k7gSpscwSnHZdw7tfhEGfTM=
